
Microsoft Visual Studio Solution File, Format Version 12.00
Project("{FAE04EC0-301F-11D3-BF4B-00C04F79EFBC}") = "SRXDStoryboard", "SRXDStoryboard\SRXDStoryboard.csproj", "{BC58D23F-55AA-4975-82B8-076C9AA478DF}"
EndProject
Project("{FAE04EC0-301F-11D3-BF4B-00C04F79EFBC}") = "StoryboardSystem", "StoryboardSystem\StoryboardSystem.csproj", "{0A9D20F0-34EA-442A-8201-D3A10272BFCD}"
EndProject
Project("{FAE04EC0-301F-11D3-BF4B-00C04F79EFBC}") = "Testing", "Testing\Testing.csproj", "{9B8A1B4C-96BD-46D7-AF5F-29D91301C625}"
EndProject
Project("{FAE04EC0-301F-11D3-BF4B-00C04F79EFBC}") = "StoryboardSystem.Rigging", "StoryboardSystem.Rigging\StoryboardSystem.Rigging.csproj", "{BAEB49A2-0245-4439-BEA2-9D05C06D3C90}"
EndProject
Project("{FAE04EC0-301F-11D3-BF4B-00C04F79EFBC}") = "StoryboardSystem.Core", "StoryboardSystem.Core\StoryboardSystem.Core.csproj", "{EB695CF1-788B-4552-9188-301D0B08E0AE}"
EndProject
Global
	GlobalSection(SolutionConfigurationPlatforms) = preSolution
		Debug|Any CPU = Debug|Any CPU
		Release|Any CPU = Release|Any CPU
	EndGlobalSection
	GlobalSection(ProjectConfigurationPlatforms) = postSolution
		{BC58D23F-55AA-4975-82B8-076C9AA478DF}.Debug|Any CPU.ActiveCfg = Debug|Any CPU
		{BC58D23F-55AA-4975-82B8-076C9AA478DF}.Debug|Any CPU.Build.0 = Debug|Any CPU
		{BC58D23F-55AA-4975-82B8-076C9AA478DF}.Release|Any CPU.ActiveCfg = Release|Any CPU
		{BC58D23F-55AA-4975-82B8-076C9AA478DF}.Release|Any CPU.Build.0 = Release|Any CPU
		{0A9D20F0-34EA-442A-8201-D3A10272BFCD}.Debug|Any CPU.ActiveCfg = Debug|Any CPU
		{0A9D20F0-34EA-442A-8201-D3A10272BFCD}.Debug|Any CPU.Build.0 = Debug|Any CPU
		{0A9D20F0-34EA-442A-8201-D3A10272BFCD}.Release|Any CPU.ActiveCfg = Release|Any CPU
		{0A9D20F0-34EA-442A-8201-D3A10272BFCD}.Release|Any CPU.Build.0 = Release|Any CPU
		{9B8A1B4C-96BD-46D7-AF5F-29D91301C625}.Debug|Any CPU.ActiveCfg = Debug|Any CPU
		{9B8A1B4C-96BD-46D7-AF5F-29D91301C625}.Debug|Any CPU.Build.0 = Debug|Any CPU
		{9B8A1B4C-96BD-46D7-AF5F-29D91301C625}.Release|Any CPU.ActiveCfg = Release|Any CPU
		{9B8A1B4C-96BD-46D7-AF5F-29D91301C625}.Release|Any CPU.Build.0 = Release|Any CPU
		{BAEB49A2-0245-4439-BEA2-9D05C06D3C90}.Debug|Any CPU.ActiveCfg = Debug|Any CPU
		{BAEB49A2-0245-4439-BEA2-9D05C06D3C90}.Debug|Any CPU.Build.0 = Debug|Any CPU
		{BAEB49A2-0245-4439-BEA2-9D05C06D3C90}.Release|Any CPU.ActiveCfg = Release|Any CPU
		{BAEB49A2-0245-4439-BEA2-9D05C06D3C90}.Release|Any CPU.Build.0 = Release|Any CPU
		{EB695CF1-788B-4552-9188-301D0B08E0AE}.Debug|Any CPU.ActiveCfg = Debug|Any CPU
		{EB695CF1-788B-4552-9188-301D0B08E0AE}.Debug|Any CPU.Build.0 = Debug|Any CPU
		{EB695CF1-788B-4552-9188-301D0B08E0AE}.Release|Any CPU.ActiveCfg = Release|Any CPU
		{EB695CF1-788B-4552-9188-301D0B08E0AE}.Release|Any CPU.Build.0 = Release|Any CPU
	EndGlobalSection
EndGlobal
