
Microsoft Visual Studio Solution File, Format Version 12.00
Project("{FAE04EC0-301F-11D3-BF4B-00C04F79EFBC}") = "SRXDStoryboardPlugin", "SRXDStoryboardPlugin\SRXDStoryboardPlugin.csproj", "{BC58D23F-55AA-4975-82B8-076C9AA478DF}"
EndProject
Project("{FAE04EC0-301F-11D3-BF4B-00C04F79EFBC}") = "StoryboardSystem.Core", "StoryboardSystem.Core\StoryboardSystem.Core.csproj", "{0A9D20F0-34EA-442A-8201-D3A10272BFCD}"
EndProject
Global
	GlobalSection(SolutionConfigurationPlatforms) = preSolution
		Debug|Any CPU = Debug|Any CPU
		Release|Any CPU = Release|Any CPU
	EndGlobalSection
	GlobalSection(ProjectConfigurationPlatforms) = postSolution
		{BC58D23F-55AA-4975-82B8-076C9AA478DF}.Debug|Any CPU.ActiveCfg = Debug|Any CPU
		{BC58D23F-55AA-4975-82B8-076C9AA478DF}.Debug|Any CPU.Build.0 = Debug|Any CPU
		{BC58D23F-55AA-4975-82B8-076C9AA478DF}.Release|Any CPU.ActiveCfg = Release|Any CPU
		{BC58D23F-55AA-4975-82B8-076C9AA478DF}.Release|Any CPU.Build.0 = Release|Any CPU
		{0A9D20F0-34EA-442A-8201-D3A10272BFCD}.Debug|Any CPU.ActiveCfg = Debug|Any CPU
		{0A9D20F0-34EA-442A-8201-D3A10272BFCD}.Debug|Any CPU.Build.0 = Debug|Any CPU
		{0A9D20F0-34EA-442A-8201-D3A10272BFCD}.Release|Any CPU.ActiveCfg = Release|Any CPU
		{0A9D20F0-34EA-442A-8201-D3A10272BFCD}.Release|Any CPU.Build.0 = Release|Any CPU
	EndGlobalSection
EndGlobal
